
Microsoft Visual Studio Solution File, Format Version 12.00
# Visual Studio Version 17
VisualStudioVersion = 17.9.34728.123
MinimumVisualStudioVersion = 10.0.40219.1
Project("{FAE04EC0-301F-11D3-BF4B-00C04F79EFBC}") = "demo-backend", "demo-backend\demo-backend.csproj", "{D1C6497A-8894-4EAB-83FA-789EFA4E463E}"
EndProject
Global
	GlobalSection(SolutionConfigurationPlatforms) = preSolution
		Debug|Any CPU = Debug|Any CPU
		Release|Any CPU = Release|Any CPU
	EndGlobalSection
	GlobalSection(ProjectConfigurationPlatforms) = postSolution
		{D1C6497A-8894-4EAB-83FA-789EFA4E463E}.Debug|Any CPU.ActiveCfg = Debug|Any CPU
		{D1C6497A-8894-4EAB-83FA-789EFA4E463E}.Debug|Any CPU.Build.0 = Debug|Any CPU
		{D1C6497A-8894-4EAB-83FA-789EFA4E463E}.Release|Any CPU.ActiveCfg = Release|Any CPU
		{D1C6497A-8894-4EAB-83FA-789EFA4E463E}.Release|Any CPU.Build.0 = Release|Any CPU
	EndGlobalSection
	GlobalSection(SolutionProperties) = preSolution
		HideSolutionNode = FALSE
	EndGlobalSection
	GlobalSection(ExtensibilityGlobals) = postSolution
		SolutionGuid = {55D1E073-5704-4C56-9B45-5175952624A1}
	EndGlobalSection
EndGlobal
